
Microsoft Visual Studio Solution File, Format Version 12.00
# Visual Studio Version 16
VisualStudioVersion = 16.0.33529.622
MinimumVisualStudioVersion = 10.0.40219.1
Project("{FAE04EC0-301F-11D3-BF4B-00C04F79EFBC}") = "eTickets", "eTickets\eTickets.csproj", "{933FDEB2-9F92-4CDC-B444-EFC554016840}"
EndProject
Global
	GlobalSection(SolutionConfigurationPlatforms) = preSolution
		Debug|Any CPU = Debug|Any CPU
		Release|Any CPU = Release|Any CPU
	EndGlobalSection
	GlobalSection(ProjectConfigurationPlatforms) = postSolution
		{933FDEB2-9F92-4CDC-B444-EFC554016840}.Debug|Any CPU.ActiveCfg = Debug|Any CPU
		{933FDEB2-9F92-4CDC-B444-EFC554016840}.Debug|Any CPU.Build.0 = Debug|Any CPU
		{933FDEB2-9F92-4CDC-B444-EFC554016840}.Release|Any CPU.ActiveCfg = Release|Any CPU
		{933FDEB2-9F92-4CDC-B444-EFC554016840}.Release|Any CPU.Build.0 = Release|Any CPU
	EndGlobalSection
	GlobalSection(SolutionProperties) = preSolution
		HideSolutionNode = FALSE
	EndGlobalSection
	GlobalSection(ExtensibilityGlobals) = postSolution
		SolutionGuid = {024B3387-9E2B-48F8-818A-1CF1470628BF}
	EndGlobalSection
EndGlobal
